// !$*UTF8*$!
{
	archiveVersion = 1;
	classes = {
	};
	objectVersion = 77;
	objects = {

/* Begin PBXContainerItemProxy section */
		5ED3C4092D62E5AD002D3F81 /* PBXContainerItemProxy */ = {
			isa = PBXContainerItemProxy;
			containerPortal = 5ED3C3F02D62E5AC002D3F81 /* Project object */;
			proxyType = 1;
			remoteGlobalIDString = 5ED3C3F72D62E5AC002D3F81;
			remoteInfo = LearnRunApp;
		};
		5ED3C4132D62E5AD002D3F81 /* PBXContainerItemProxy */ = {
			isa = PBXContainerItemProxy;
			containerPortal = 5ED3C3F02D62E5AC002D3F81 /* Project object */;
			proxyType = 1;
			remoteGlobalIDString = 5ED3C3F72D62E5AC002D3F81;
			remoteInfo = LearnRunApp;
		};
/* End PBXContainerItemProxy section */

/* Begin PBXFileReference section */
		5ED3C3F82D62E5AC002D3F81 /* LearnRunApp.app */ = {isa = PBXFileReference; explicitFileType = wrapper.application; includeInIndex = 0; path = LearnRunApp.app; sourceTree = BUILT_PRODUCTS_DIR; };
		5ED3C4082D62E5AD002D3F81 /* LearnRunAppTests.xctest */ = {isa = PBXFileReference; explicitFileType = wrapper.cfbundle; includeInIndex = 0; path = LearnRunAppTests.xctest; sourceTree = BUILT_PRODUCTS_DIR; };
		5ED3C4122D62E5AD002D3F81 /* LearnRunAppUITests.xctest */ = {isa = PBXFileReference; explicitFileType = wrapper.cfbundle; includeInIndex = 0; path = LearnRunAppUITests.xctest; sourceTree = BUILT_PRODUCTS_DIR; };
/* End PBXFileReference section */

/* Begin PBXFileSystemSynchronizedRootGroup section */
		5ED3C3FA2D62E5AC002D3F81 /* LearnRunApp */ = {
			isa = PBXFileSystemSynchronizedRootGroup;
			path = LearnRunApp;
			sourceTree = "<group>";
		};
		5ED3C40B2D62E5AD002D3F81 /* LearnRunAppTests */ = {
			isa = PBXFileSystemSynchronizedRootGroup;
			path = LearnRunAppTests;
			sourceTree = "<group>";
		};
		5ED3C4152D62E5AD002D3F81 /* LearnRunAppUITests */ = {
			isa = PBXFileSystemSynchronizedRootGroup;
			path = LearnRunAppUITests;
			sourceTree = "<group>";
		};
/* End PBXFileSystemSynchronizedRootGroup section */

/* Begin PBXFrameworksBuildPhase section */
		5ED3C3F52D62E5AC002D3F81 /* Frameworks */ = {
			isa = PBXFrameworksBuildPhase;
			buildActionMask = 2147483647;
			files = (
			);
			runOnlyForDeploymentPostprocessing = 0;
		};
		5ED3C4052D62E5AD002D3F81 /* Frameworks */ = {
			isa = PBXFrameworksBuildPhase;
			buildActionMask = 2147483647;
			files = (
			);
			runOnlyForDeploymentPostprocessing = 0;
		};
		5ED3C40F2D62E5AD002D3F81 /* Frameworks */ = {
			isa = PBXFrameworksBuildPhase;
			buildActionMask = 2147483647;
			files = (
			);
			runOnlyForDeploymentPostprocessing = 0;
		};
/* End PBXFrameworksBuildPhase section */

/* Begin PBXGroup section */
		5ED3C3EF2D62E5AC002D3F81 = {
			isa = PBXGroup;
			children = (
				5ED3C3FA2D62E5AC002D3F81 /* LearnRunApp */,
				5ED3C40B2D62E5AD002D3F81 /* LearnRunAppTests */,
				5ED3C4152D62E5AD002D3F81 /* LearnRunAppUITests */,
				5ED3C3F92D62E5AC002D3F81 /* Products */,
			);
			sourceTree = "<group>";
		};
		5ED3C3F92D62E5AC002D3F81 /* Products */ = {
			isa = PBXGroup;
			children = (
				5ED3C3F82D62E5AC002D3F81 /* LearnRunApp.app */,
				5ED3C4082D62E5AD002D3F81 /* LearnRunAppTests.xctest */,
				5ED3C4122D62E5AD002D3F81 /* LearnRunAppUITests.xctest */,
			);
			name = Products;
			sourceTree = "<group>";
		};
/* End PBXGroup section */

/* Begin PBXNativeTarget section */
		5ED3C3F72D62E5AC002D3F81 /* LearnRunApp */ = {
			isa = PBXNativeTarget;
			buildConfigurationList = 5ED3C41C2D62E5AD002D3F81 /* Build configuration list for PBXNativeTarget "LearnRunApp" */;
			buildPhases = (
				5ED3C3F42D62E5AC002D3F81 /* Sources */,
				5ED3C3F52D62E5AC002D3F81 /* Frameworks */,
				5ED3C3F62D62E5AC002D3F81 /* Resources */,
			);
			buildRules = (
			);
			dependencies = (
			);
			fileSystemSynchronizedGroups = (
				5ED3C3FA2D62E5AC002D3F81 /* LearnRunApp */,
			);
			name = LearnRunApp;
			packageProductDependencies = (
			);
			productName = LearnRunApp;
			productReference = 5ED3C3F82D62E5AC002D3F81 /* LearnRunApp.app */;
			productType = "com.apple.product-type.application";
		};
		5ED3C4072D62E5AD002D3F81 /* LearnRunAppTests */ = {
			isa = PBXNativeTarget;
			buildConfigurationList = 5ED3C41F2D62E5AD002D3F81 /* Build configuration list for PBXNativeTarget "LearnRunAppTests" */;
			buildPhases = (
				5ED3C4042D62E5AD002D3F81 /* Sources */,
				5ED3C4052D62E5AD002D3F81 /* Frameworks */,
				5ED3C4062D62E5AD002D3F81 /* Resources */,
			);
			buildRules = (
			);
			dependencies = (
				5ED3C40A2D62E5AD002D3F81 /* PBXTargetDependency */,
			);
			fileSystemSynchronizedGroups = (
				5ED3C40B2D62E5AD002D3F81 /* LearnRunAppTests */,
			);
			name = LearnRunAppTests;
			packageProductDependencies = (
			);
			productName = LearnRunAppTests;
			productReference = 5ED3C4082D62E5AD002D3F81 /* LearnRunAppTests.xctest */;
			productType = "com.apple.product-type.bundle.unit-test";
		};
		5ED3C4112D62E5AD002D3F81 /* LearnRunAppUITests */ = {
			isa = PBXNativeTarget;
			buildConfigurationList = 5ED3C4222D62E5AD002D3F81 /* Build configuration list for PBXNativeTarget "LearnRunAppUITests" */;
			buildPhases = (
				5ED3C40E2D62E5AD002D3F81 /* Sources */,
				5ED3C40F2D62E5AD002D3F81 /* Frameworks */,
				5ED3C4102D62E5AD002D3F81 /* Resources */,
			);
			buildRules = (
			);
			dependencies = (
				5ED3C4142D62E5AD002D3F81 /* PBXTargetDependency */,
			);
			fileSystemSynchronizedGroups = (
				5ED3C4152D62E5AD002D3F81 /* LearnRunAppUITests */,
			);
			name = LearnRunAppUITests;
			packageProductDependencies = (
			);
			productName = LearnRunAppUITests;
			productReference = 5ED3C4122D62E5AD002D3F81 /* LearnRunAppUITests.xctest */;
			productType = "com.apple.product-type.bundle.ui-testing";
		};
/* End PBXNativeTarget section */

/* Begin PBXProject section */
		5ED3C3F02D62E5AC002D3F81 /* Project object */ = {
			isa = PBXProject;
			attributes = {
				BuildIndependentTargetsInParallel = 1;
				LastSwiftUpdateCheck = 1620;
				LastUpgradeCheck = 1620;
				TargetAttributes = {
					5ED3C3F72D62E5AC002D3F81 = {
						CreatedOnToolsVersion = 16.2;
					};
					5ED3C4072D62E5AD002D3F81 = {
						CreatedOnToolsVersion = 16.2;
						TestTargetID = 5ED3C3F72D62E5AC002D3F81;
					};
					5ED3C4112D62E5AD002D3F81 = {
						CreatedOnToolsVersion = 16.2;
						TestTargetID = 5ED3C3F72D62E5AC002D3F81;
					};
				};
			};
			buildConfigurationList = 5ED3C3F32D62E5AC002D3F81 /* Build configuration list for PBXProject "LearnRunApp" */;
			developmentRegion = en;
			hasScannedForEncodings = 0;
			knownRegions = (
				en,
				Base,
			);
			mainGroup = 5ED3C3EF2D62E5AC002D3F81;
			minimizedProjectReferenceProxies = 1;
			preferredProjectObjectVersion = 77;
			productRefGroup = 5ED3C3F92D62E5AC002D3F81 /* Products */;
			projectDirPath = "";
			projectRoot = "";
			targets = (
				5ED3C3F72D62E5AC002D3F81 /* LearnRunApp */,
				5ED3C4072D62E5AD002D3F81 /* LearnRunAppTests */,
				5ED3C4112D62E5AD002D3F81 /* LearnRunAppUITests */,
			);
		};
/* End PBXProject section */

/* Begin PBXResourcesBuildPhase section */
		5ED3C3F62D62E5AC002D3F81 /* Resources */ = {
			isa = PBXResourcesBuildPhase;
			buildActionMask = 2147483647;
			files = (
			);
			runOnlyForDeploymentPostprocessing = 0;
		};
		5ED3C4062D62E5AD002D3F81 /* Resources */ = {
			isa = PBXResourcesBuildPhase;
			buildActionMask = 2147483647;
			files = (
			);
			runOnlyForDeploymentPostprocessing = 0;
		};
		5ED3C4102D62E5AD002D3F81 /* Resources */ = {
			isa = PBXResourcesBuildPhase;
			buildActionMask = 2147483647;
			files = (
			);
			runOnlyForDeploymentPostprocessing = 0;
		};
/* End PBXResourcesBuildPhase section */

/* Begin PBXSourcesBuildPhase section */
		5ED3C3F42D62E5AC002D3F81 /* Sources */ = {
			isa = PBXSourcesBuildPhase;
			buildActionMask = 2147483647;
			files = (
			);
			runOnlyForDeploymentPostprocessing = 0;
		};
		5ED3C4042D62E5AD002D3F81 /* Sources */ = {
			isa = PBXSourcesBuildPhase;
			buildActionMask = 2147483647;
			files = (
			);
			runOnlyForDeploymentPostprocessing = 0;
		};
		5ED3C40E2D62E5AD002D3F81 /* Sources */ = {
			isa = PBXSourcesBuildPhase;
			buildActionMask = 2147483647;
			files = (
			);
			runOnlyForDeploymentPostprocessing = 0;
		};
/* End PBXSourcesBuildPhase section */

/* Begin PBXTargetDependency section */
		5ED3C40A2D62E5AD002D3F81 /* PBXTargetDependency */ = {
			isa = PBXTargetDependency;
			target = 5ED3C3F72D62E5AC002D3F81 /* LearnRunApp */;
			targetProxy = 5ED3C4092D62E5AD002D3F81 /* PBXContainerItemProxy */;
		};
		5ED3C4142D62E5AD002D3F81 /* PBXTargetDependency */ = {
			isa = PBXTargetDependency;
			target = 5ED3C3F72D62E5AC002D3F81 /* LearnRunApp */;
			targetProxy = 5ED3C4132D62E5AD002D3F81 /* PBXContainerItemProxy */;
		};
/* End PBXTargetDependency section */

/* Begin XCBuildConfiguration section */
		5ED3C41A2D62E5AD002D3F81 /* Debug */ = {
			isa = XCBuildConfiguration;
			buildSettings = {
				ALWAYS_SEARCH_USER_PATHS = NO;
				ASSETCATALOG_COMPILER_GENERATE_SWIFT_ASSET_SYMBOL_EXTENSIONS = YES;
				CLANG_ANALYZER_NONNULL = YES;
				CLANG_ANALYZER_NUMBER_OBJECT_CONVERSION = YES_AGGRESSIVE;
				CLANG_CXX_LANGUAGE_STANDARD = "gnu++20";
				CLANG_ENABLE_MODULES = YES;
				CLANG_ENABLE_OBJC_ARC = YES;
				CLANG_ENABLE_OBJC_WEAK = YES;
				CLANG_WARN_BLOCK_CAPTURE_AUTORELEASING = YES;
				CLANG_WARN_BOOL_CONVERSION = YES;
				CLANG_WARN_COMMA = YES;
				CLANG_WARN_CONSTANT_CONVERSION = YES;
				CLANG_WARN_DEPRECATED_OBJC_IMPLEMENTATIONS = YES;
				CLANG_WARN_DIRECT_OBJC_ISA_USAGE = YES_ERROR;
				CLANG_WARN_DOCUMENTATION_COMMENTS = YES;
				CLANG_WARN_EMPTY_BODY = YES;
				CLANG_WARN_ENUM_CONVERSION = YES;
				CLANG_WARN_INFINITE_RECURSION = YES;
				CLANG_WARN_INT_CONVERSION = YES;
				CLANG_WARN_NON_LITERAL_NULL_CONVERSION = YES;
				CLANG_WARN_OBJC_IMPLICIT_RETAIN_SELF = YES;
				CLANG_WARN_OBJC_LITERAL_CONVERSION = YES;
				CLANG_WARN_OBJC_ROOT_CLASS = YES_ERROR;
				CLANG_WARN_QUOTED_INCLUDE_IN_FRAMEWORK_HEADER = YES;
				CLANG_WARN_RANGE_LOOP_ANALYSIS = YES;
				CLANG_WARN_STRICT_PROTOTYPES = YES;
				CLANG_WARN_SUSPICIOUS_MOVE = YES;
				CLANG_WARN_UNGUARDED_AVAILABILITY = YES_AGGRESSIVE;
				CLANG_WARN_UNREACHABLE_CODE = YES;
				CLANG_WARN__DUPLICATE_METHOD_MATCH = YES;
				COPY_PHASE_STRIP = NO;
				DEBUG_INFORMATION_FORMAT = dwarf;
				ENABLE_STRICT_OBJC_MSGSEND = YES;
				ENABLE_TESTABILITY = YES;
				ENABLE_USER_SCRIPT_SANDBOXING = YES;
				GCC_C_LANGUAGE_STANDARD = gnu17;
				GCC_DYNAMIC_NO_PIC = NO;
				GCC_NO_COMMON_BLOCKS = YES;
				GCC_OPTIMIZATION_LEVEL = 0;
				GCC_PREPROCESSOR_DEFINITIONS = (
					"DEBUG=1",
					"$(inherited)",
				);
				GCC_WARN_64_TO_32_BIT_CONVERSION = YES;
				GCC_WARN_ABOUT_RETURN_TYPE = YES_ERROR;
				GCC_WARN_UNDECLARED_SELECTOR = YES;
				GCC_WARN_UNINITIALIZED_AUTOS = YES_AGGRESSIVE;
				GCC_WARN_UNUSED_FUNCTION = YES;
				GCC_WARN_UNUSED_VARIABLE = YES;
				IPHONEOS_DEPLOYMENT_TARGET = 18.2;
				LOCALIZATION_PREFERS_STRING_CATALOGS = YES;
				MTL_ENABLE_DEBUG_INFO = INCLUDE_SOURCE;
				MTL_FAST_MATH = YES;
				ONLY_ACTIVE_ARCH = YES;
				SDKROOT = iphoneos;
				SWIFT_ACTIVE_COMPILATION_CONDITIONS = "DEBUG $(inherited)";
				SWIFT_OPTIMIZATION_LEVEL = "-Onone";
			};
			name = Debug;
		};
		5ED3C41B2D62E5AD002D3F81 /* Release */ = {
			isa = XCBuildConfiguration;
			buildSettings = {
				ALWAYS_SEARCH_USER_PATHS = NO;
				ASSETCATALOG_COMPILER_GENERATE_SWIFT_ASSET_SYMBOL_EXTENSIONS = YES;
				CLANG_ANALYZER_NONNULL = YES;
				CLANG_ANALYZER_NUMBER_OBJECT_CONVERSION = YES_AGGRESSIVE;
				CLANG_CXX_LANGUAGE_STANDARD = "gnu++20";
				CLANG_ENABLE_MODULES = YES;
				CLANG_ENABLE_OBJC_ARC = YES;
				CLANG_ENABLE_OBJC_WEAK = YES;
				CLANG_WARN_BLOCK_CAPTURE_AUTORELEASING = YES;
				CLANG_WARN_BOOL_CONVERSION = YES;
				CLANG_WARN_COMMA = YES;
				CLANG_WARN_CONSTANT_CONVERSION = YES;
				CLANG_WARN_DEPRECATED_OBJC_IMPLEMENTATIONS = YES;
				CLANG_WARN_DIRECT_OBJC_ISA_USAGE = YES_ERROR;
				CLANG_WARN_DOCUMENTATION_COMMENTS = YES;
				CLANG_WARN_EMPTY_BODY = YES;
				CLANG_WARN_ENUM_CONVERSION = YES;
				CLANG_WARN_INFINITE_RECURSION = YES;
				CLANG_WARN_INT_CONVERSION = YES;
				CLANG_WARN_NON_LITERAL_NULL_CONVERSION = YES;
				CLANG_WARN_OBJC_IMPLICIT_RETAIN_SELF = YES;
				CLANG_WARN_OBJC_LITERAL_CONVERSION = YES;
				CLANG_WARN_OBJC_ROOT_CLASS = YES_ERROR;
				CLANG_WARN_QUOTED_INCLUDE_IN_FRAMEWORK_HEADER = YES;
				CLANG_WARN_RANGE_LOOP_ANALYSIS = YES;
				CLANG_WARN_STRICT_PROTOTYPES = YES;
				CLANG_WARN_SUSPICIOUS_MOVE = YES;
				CLANG_WARN_UNGUARDED_AVAILABILITY = YES_AGGRESSIVE;
				CLANG_WARN_UNREACHABLE_CODE = YES;
				CLANG_WARN__DUPLICATE_METHOD_MATCH = YES;
				COPY_PHASE_STRIP = NO;
				DEBUG_INFORMATION_FORMAT = "dwarf-with-dsym";
				ENABLE_NS_ASSERTIONS = NO;
				ENABLE_STRICT_OBJC_MSGSEND = YES;
				ENABLE_USER_SCRIPT_SANDBOXING = YES;
				GCC_C_LANGUAGE_STANDARD = gnu17;
				GCC_NO_COMMON_BLOCKS = YES;
				GCC_WARN_64_TO_32_BIT_CONVERSION = YES;
				GCC_WARN_ABOUT_RETURN_TYPE = YES_ERROR;
				GCC_WARN_UNDECLARED_SELECTOR = YES;
				GCC_WARN_UNINITIALIZED_AUTOS = YES_AGGRESSIVE;
				GCC_WARN_UNUSED_FUNCTION = YES;
				GCC_WARN_UNUSED_VARIABLE = YES;
				IPHONEOS_DEPLOYMENT_TARGET = 18.2;
				LOCALIZATION_PREFERS_STRING_CATALOGS = YES;
				MTL_ENABLE_DEBUG_INFO = NO;
				MTL_FAST_MATH = YES;
				SDKROOT = iphoneos;
				SWIFT_COMPILATION_MODE = wholemodule;
				VALIDATE_PRODUCT = YES;
			};
			name = Release;
		};
		5ED3C41D2D62E5AD002D3F81 /* Debug */ = {
			isa = XCBuildConfiguration;
			buildSettings = {
				ASSETCATALOG_COMPILER_APPICON_NAME = AppIcon;
				ASSETCATALOG_COMPILER_GLOBAL_ACCENT_COLOR_NAME = AccentColor;
				CODE_SIGN_STYLE = Automatic;
				CURRENT_PROJECT_VERSION = 1;
				DEVELOPMENT_ASSET_PATHS = "\"LearnRunApp/Preview Content\"";
				DEVELOPMENT_TEAM = HSR3SG7L6R;
				ENABLE_PREVIEWS = YES;
				GENERATE_INFOPLIST_FILE = YES;
				INFOPLIST_KEY_UIApplicationSceneManifest_Generation = YES;
				INFOPLIST_KEY_UIApplicationSupportsIndirectInputEvents = YES;
				INFOPLIST_KEY_UILaunchScreen_Generation = YES;
				INFOPLIST_KEY_UISupportedInterfaceOrientations_iPad = "UIInterfaceOrientationPortrait UIInterfaceOrientationPortraitUpsideDown UIInterfaceOrientationLandscapeLeft UIInterfaceOrientationLandscapeRight";
				INFOPLIST_KEY_UISupportedInterfaceOrientations_iPhone = "UIInterfaceOrientationPortrait UIInterfaceOrientationLandscapeLeft UIInterfaceOrientationLandscapeRight";
				LD_RUNPATH_SEARCH_PATHS = (
					"$(inherited)",
					"@executable_path/Frameworks",
				);
				MARKETING_VERSION = 1.0;
				PRODUCT_BUNDLE_IDENTIFIER = com.learnrun.LearnRunApp;
				PRODUCT_NAME = "$(TARGET_NAME)";
				SWIFT_EMIT_LOC_STRINGS = YES;
				SWIFT_VERSION = 5.0;
				TARGETED_DEVICE_FAMILY = "1,2";
			};
			name = Debug;
		};
		5ED3C41E2D62E5AD002D3F81 /* Release */ = {
			isa = XCBuildConfiguration;
			buildSettings = {
				ASSETCATALOG_COMPILER_APPICON_NAME = AppIcon;
				ASSETCATALOG_COMPILER_GLOBAL_ACCENT_COLOR_NAME = AccentColor;
				CODE_SIGN_STYLE = Automatic;
				CURRENT_PROJECT_VERSION = 1;
				DEVELOPMENT_ASSET_PATHS = "\"LearnRunApp/Preview Content\"";
				DEVELOPMENT_TEAM = HSR3SG7L6R;
				ENABLE_PREVIEWS = YES;
				GENERATE_INFOPLIST_FILE = YES;
				INFOPLIST_KEY_UIApplicationSceneManifest_Generation = YES;
				INFOPLIST_KEY_UIApplicationSupportsIndirectInputEvents = YES;
				INFOPLIST_KEY_UILaunchScreen_Generation = YES;
				INFOPLIST_KEY_UISupportedInterfaceOrientations_iPad = "UIInterfaceOrientationPortrait UIInterfaceOrientationPortraitUpsideDown UIInterfaceOrientationLandscapeLeft UIInterfaceOrientationLandscapeRight";
				INFOPLIST_KEY_UISupportedInterfaceOrientations_iPhone = "UIInterfaceOrientationPortrait UIInterfaceOrientationLandscapeLeft UIInterfaceOrientationLandscapeRight";
				LD_RUNPATH_SEARCH_PATHS = (
					"$(inherited)",
					"@executable_path/Frameworks",
				);
				MARKETING_VERSION = 1.0;
				PRODUCT_BUNDLE_IDENTIFIER = com.learnrun.LearnRunApp;
				PRODUCT_NAME = "$(TARGET_NAME)";
				SWIFT_EMIT_LOC_STRINGS = YES;
				SWIFT_VERSION = 5.0;
				TARGETED_DEVICE_FAMILY = "1,2";
			};
			name = Release;
		};
		5ED3C4202D62E5AD002D3F81 /* Debug */ = {
			isa = XCBuildConfiguration;
			buildSettings = {
				BUNDLE_LOADER = "$(TEST_HOST)";
				CODE_SIGN_STYLE = Automatic;
				CURRENT_PROJECT_VERSION = 1;
				DEVELOPMENT_TEAM = HSR3SG7L6R;
				GENERATE_INFOPLIST_FILE = YES;
				IPHONEOS_DEPLOYMENT_TARGET = 18.2;
				MARKETING_VERSION = 1.0;
				PRODUCT_BUNDLE_IDENTIFIER = com.learnrun.LearnRunAppTests;
				PRODUCT_NAME = "$(TARGET_NAME)";
				SWIFT_EMIT_LOC_STRINGS = NO;
				SWIFT_VERSION = 5.0;
				TARGETED_DEVICE_FAMILY = "1,2";
				TEST_HOST = "$(BUILT_PRODUCTS_DIR)/LearnRunApp.app/$(BUNDLE_EXECUTABLE_FOLDER_PATH)/LearnRunApp";
			};
			name = Debug;
		};
		5ED3C4212D62E5AD002D3F81 /* Release */ = {
			isa = XCBuildConfiguration;
			buildSettings = {
				BUNDLE_LOADER = "$(TEST_HOST)";
				CODE_SIGN_STYLE = Automatic;
				CURRENT_PROJECT_VERSION = 1;
				DEVELOPMENT_TEAM = HSR3SG7L6R;
				GENERATE_INFOPLIST_FILE = YES;
				IPHONEOS_DEPLOYMENT_TARGET = 18.2;
				MARKETING_VERSION = 1.0;
				PRODUCT_BUNDLE_IDENTIFIER = com.learnrun.LearnRunAppTests;
				PRODUCT_NAME = "$(TARGET_NAME)";
				SWIFT_EMIT_LOC_STRINGS = NO;
				SWIFT_VERSION = 5.0;
				TARGETED_DEVICE_FAMILY = "1,2";
				TEST_HOST = "$(BUILT_PRODUCTS_DIR)/LearnRunApp.app/$(BUNDLE_EXECUTABLE_FOLDER_PATH)/LearnRunApp";
			};
			name = Release;
		};
		5ED3C4232D62E5AD002D3F81 /* Debug */ = {
			isa = XCBuildConfiguration;
			buildSettings = {
				CODE_SIGN_STYLE = Automatic;
				CURRENT_PROJECT_VERSION = 1;
				DEVELOPMENT_TEAM = HSR3SG7L6R;
				GENERATE_INFOPLIST_FILE = YES;
				MARKETING_VERSION = 1.0;
				PRODUCT_BUNDLE_IDENTIFIER = com.learnrun.LearnRunAppUITests;
				PRODUCT_NAME = "$(TARGET_NAME)";
				SWIFT_EMIT_LOC_STRINGS = NO;
				SWIFT_VERSION = 5.0;
				TARGETED_DEVICE_FAMILY = "1,2";
				TEST_TARGET_NAME = LearnRunApp;
			};
			name = Debug;
		};
		5ED3C4242D62E5AD002D3F81 /* Release */ = {
			isa = XCBuildConfiguration;
			buildSettings = {
				CODE_SIGN_STYLE = Automatic;
				CURRENT_PROJECT_VERSION = 1;
				DEVELOPMENT_TEAM = HSR3SG7L6R;
				GENERATE_INFOPLIST_FILE = YES;
				MARKETING_VERSION = 1.0;
				PRODUCT_BUNDLE_IDENTIFIER = com.learnrun.LearnRunAppUITests;
				PRODUCT_NAME = "$(TARGET_NAME)";
				SWIFT_EMIT_LOC_STRINGS = NO;
				SWIFT_VERSION = 5.0;
				TARGETED_DEVICE_FAMILY = "1,2";
				TEST_TARGET_NAME = LearnRunApp;
			};
			name = Release;
		};
/* End XCBuildConfiguration section */

/* Begin XCConfigurationList section */
		5ED3C3F32D62E5AC002D3F81 /* Build configuration list for PBXProject "LearnRunApp" */ = {
			isa = XCConfigurationList;
			buildConfigurations = (
				5ED3C41A2D62E5AD002D3F81 /* Debug */,
				5ED3C41B2D62E5AD002D3F81 /* Release */,
			);
			defaultConfigurationIsVisible = 0;
			defaultConfigurationName = Release;
		};
		5ED3C41C2D62E5AD002D3F81 /* Build configuration list for PBXNativeTarget "LearnRunApp" */ = {
			isa = XCConfigurationList;
			buildConfigurations = (
				5ED3C41D2D62E5AD002D3F81 /* Debug */,
				5ED3C41E2D62E5AD002D3F81 /* Release */,
			);
			defaultConfigurationIsVisible = 0;
			defaultConfigurationName = Release;
		};
		5ED3C41F2D62E5AD002D3F81 /* Build configuration list for PBXNativeTarget "LearnRunAppTests" */ = {
			isa = XCConfigurationList;
			buildConfigurations = (
				5ED3C4202D62E5AD002D3F81 /* Debug */,
				5ED3C4212D62E5AD002D3F81 /* Release */,
			);
			defaultConfigurationIsVisible = 0;
			defaultConfigurationName = Release;
		};
		5ED3C4222D62E5AD002D3F81 /* Build configuration list for PBXNativeTarget "LearnRunAppUITests" */ = {
			isa = XCConfigurationList;
			buildConfigurations = (
				5ED3C4232D62E5AD002D3F81 /* Debug */,
				5ED3C4242D62E5AD002D3F81 /* Release */,
			);
			defaultConfigurationIsVisible = 0;
			defaultConfigurationName = Release;
		};
/* End XCConfigurationList section */
	};
	rootObject = 5ED3C3F02D62E5AC002D3F81 /* Project object */;
}
